
Microsoft Visual Studio Solution File, Format Version 12.00
# Visual Studio 15
VisualStudioVersion = 15.0.27130.2020
MinimumVisualStudioVersion = 10.0.40219.1
Project("{FAE04EC0-301F-11D3-BF4B-00C04F79EFBC}") = "WindowsFormsApp1", "WindowsFormsApp1\WindowsFormsApp1.csproj", "{235AE36C-9A8B-40B9-B546-1096B468C124}"
EndProject
Global
	GlobalSection(SolutionConfigurationPlatforms) = preSolution
		Debug|Any CPU = Debug|Any CPU
		Release|Any CPU = Release|Any CPU
	EndGlobalSection
	GlobalSection(ProjectConfigurationPlatforms) = postSolution
		{235AE36C-9A8B-40B9-B546-1096B468C124}.Debug|Any CPU.ActiveCfg = Debug|Any CPU
		{235AE36C-9A8B-40B9-B546-1096B468C124}.Debug|Any CPU.Build.0 = Debug|Any CPU
		{235AE36C-9A8B-40B9-B546-1096B468C124}.Release|Any CPU.ActiveCfg = Release|Any CPU
		{235AE36C-9A8B-40B9-B546-1096B468C124}.Release|Any CPU.Build.0 = Release|Any CPU
	EndGlobalSection
	GlobalSection(SolutionProperties) = preSolution
		HideSolutionNode = FALSE
	EndGlobalSection
	GlobalSection(ExtensibilityGlobals) = postSolution
		SolutionGuid = {1CC7BB7F-F54E-47BA-8D66-7D36C8771D1F}
	EndGlobalSection
EndGlobal
